{
    "name": "@loupeteam/librarybuilderproject",
    "version": "0.2.0",
    "lockfileVersion": 3,
    "requires": true,
    "packages": {
        "": {
            "name": "@loupeteam/librarybuilderproject",
            "version": "0.2.0",
            "license": "MIT",
            "dependencies": {
                "@loupeteam/librarybuilderproject": "^0.3.0",
                "@loupeteam/templib": "^0.3.1"
            }
        },
        "node_modules/@loupeteam/librarybuilderproject": {
            "version": "0.3.0",
            "resolved": "https://npm.pkg.github.com/download/@loupeteam/librarybuilderproject/0.3.0/9c3c1fc98350439d618573f3b465d94e3ae1e000",
            "integrity": "sha512-kUOwhpPoqQ1DikLGFBH3c8+nsb28ayX2IpQRC0UaEg34cV4GrRoI0FvkSovc3tgrGohpyvxFPRy5C6TM5wj7JA==",
            "license": "MIT"
        },
        "node_modules/@loupeteam/scalelib": {
            "version": "0.1.0",
            "resolved": "https://npm.pkg.github.com/download/@loupeteam/scalelib/0.1.0/8227fbe4801649e75488c90b1e685c36053027aa",
            "integrity": "sha512-yK4dzlIegn8d9OvsMJ6WkicacdnYKME9UERrQMb/dTAW6F+wmap2cabBwgfyqW5djK26wTuRo+4n6yJQNKBf9A==",
            "license": "MIT"
        },
        "node_modules/@loupeteam/templib": {
            "version": "0.3.1",
            "resolved": "https://npm.pkg.github.com/download/@loupeteam/templib/0.3.1/a4b94fcc3b1137834f9fa0e8a6bc07f4893236f8",
            "integrity": "sha512-8rWO9S2/Tm386uWNcO/JxqZzz9TvfCe/sqppQxMSkjg1NHb6htr+uAJecogshLuACO3snG9Bb+NzTcETqBe9Kg==",
            "license": "Loupe Software License Agreement",
            "dependencies": {
                "@loupeteam/scalelib": "*"
            }
        }
    }
}
